{
  "name": "logo-generator",
  "version": "1.0.0",
  "lockfileVersion": 3,
  "requires": true,
  "packages": {
    "": {
      "name": "logo-generator",
      "version": "1.0.0",
      "license": "ISC",
      "dependencies": {
        "mazes": "^2.0.3"
      }
    },
    "node_modules/mazes": {
      "version": "2.0.3",
      "resolved": "https://registry.npmjs.org/mazes/-/mazes-2.0.3.tgz",
      "integrity": "sha512-5v6snzCbDhBPHV75dznck1sMHT9zXpFvBP8KbX0bRxHsU103/EM5RkSHHV6EP9fPs1nbofm6wWLgnRBY/BWQpA==",
      "license": "ISC"
    }
  }
}
